
Microsoft Visual Studio Solution File, Format Version 12.00
# Visual Studio Version 17
VisualStudioVersion = 17.3.32804.467
MinimumVisualStudioVersion = 10.0.40219.1
Project("{FAE04EC0-301F-11D3-BF4B-00C04F79EFBC}") = "PDC03_MODULE04.Android", "PDC03_MODULE04\PDC03_MODULE04.Android\PDC03_MODULE04.Android.csproj", "{8B930296-BD4D-4436-9798-E517E956C04A}"
EndProject
Project("{FAE04EC0-301F-11D3-BF4B-00C04F79EFBC}") = "PDC03_MODULE04", "PDC03_MODULE04\PDC03_MODULE04\PDC03_MODULE04.csproj", "{5C55D9AB-CF03-453B-A8B8-8855EB60256C}"
EndProject
Global
	GlobalSection(SolutionConfigurationPlatforms) = preSolution
		Debug|Any CPU = Debug|Any CPU
		Release|Any CPU = Release|Any CPU
	EndGlobalSection
	GlobalSection(ProjectConfigurationPlatforms) = postSolution
		{8B930296-BD4D-4436-9798-E517E956C04A}.Debug|Any CPU.ActiveCfg = Debug|Any CPU
		{8B930296-BD4D-4436-9798-E517E956C04A}.Debug|Any CPU.Build.0 = Debug|Any CPU
		{8B930296-BD4D-4436-9798-E517E956C04A}.Debug|Any CPU.Deploy.0 = Debug|Any CPU
		{8B930296-BD4D-4436-9798-E517E956C04A}.Release|Any CPU.ActiveCfg = Release|Any CPU
		{8B930296-BD4D-4436-9798-E517E956C04A}.Release|Any CPU.Build.0 = Release|Any CPU
		{8B930296-BD4D-4436-9798-E517E956C04A}.Release|Any CPU.Deploy.0 = Release|Any CPU
		{5C55D9AB-CF03-453B-A8B8-8855EB60256C}.Debug|Any CPU.ActiveCfg = Debug|Any CPU
		{5C55D9AB-CF03-453B-A8B8-8855EB60256C}.Debug|Any CPU.Build.0 = Debug|Any CPU
		{5C55D9AB-CF03-453B-A8B8-8855EB60256C}.Debug|Any CPU.Deploy.0 = Debug|Any CPU
		{5C55D9AB-CF03-453B-A8B8-8855EB60256C}.Release|Any CPU.ActiveCfg = Release|Any CPU
		{5C55D9AB-CF03-453B-A8B8-8855EB60256C}.Release|Any CPU.Build.0 = Release|Any CPU
		{5C55D9AB-CF03-453B-A8B8-8855EB60256C}.Release|Any CPU.Deploy.0 = Release|Any CPU
	EndGlobalSection
	GlobalSection(SolutionProperties) = preSolution
		HideSolutionNode = FALSE
	EndGlobalSection
	GlobalSection(ExtensibilityGlobals) = postSolution
		SolutionGuid = {3A2D1616-40B0-4686-AF01-E6F8D7424D5E}
	EndGlobalSection
EndGlobal
